
Microsoft Visual Studio Solution File, Format Version 12.00
# Visual Studio Version 16
VisualStudioVersion = 16.0.29311.281
MinimumVisualStudioVersion = 10.0.40219.1
Project("{FAE04EC0-301F-11D3-BF4B-00C04F79EFBC}") = "EffortEstimator", "EffortEstimator\EffortEstimator.csproj", "{D728CF79-318C-4FFD-B158-F30CC4F8646B}"
EndProject
Global
	GlobalSection(SolutionConfigurationPlatforms) = preSolution
		Debug|Any CPU = Debug|Any CPU
		Release|Any CPU = Release|Any CPU
	EndGlobalSection
	GlobalSection(ProjectConfigurationPlatforms) = postSolution
		{D728CF79-318C-4FFD-B158-F30CC4F8646B}.Debug|Any CPU.ActiveCfg = Debug|Any CPU
		{D728CF79-318C-4FFD-B158-F30CC4F8646B}.Debug|Any CPU.Build.0 = Debug|Any CPU
		{D728CF79-318C-4FFD-B158-F30CC4F8646B}.Release|Any CPU.ActiveCfg = Release|Any CPU
		{D728CF79-318C-4FFD-B158-F30CC4F8646B}.Release|Any CPU.Build.0 = Release|Any CPU
	EndGlobalSection
	GlobalSection(SolutionProperties) = preSolution
		HideSolutionNode = FALSE
	EndGlobalSection
	GlobalSection(ExtensibilityGlobals) = postSolution
		SolutionGuid = {DBBCE2FA-40E7-49BD-BD20-39C65CA1D725}
	EndGlobalSection
EndGlobal
